Microsoft Visual Studio Solution File, Format Version 9.00
# Visual Studio 2005
Project("{8BC9CEB8-8B4A-11D0-8D11-00A0C91BC942}") = "get_e", "get_e_2005.vcproj", "{BF2DE4D4-FEB5-378C-8E1B-3F86AF00DB28}"
EndProject
Global
	GlobalSection(SolutionConfigurationPlatforms) = preSolution
		roundingoff_debug|Win32 = roundingoff_debug|Win32
		roundingoff_debug|Win32 = roundingoff_debug|Win32
		roundingoff_release|Win32 = roundingoff_release|Win32
		roundingoff_release|Win32 = roundingoff_release|Win32
		roundingon_debug|Win32 = roundingon_debug|Win32
		roundingon_debug|Win32 = roundingon_debug|Win32
		roundingon_release|Win32 = roundingon_release|Win32
		roundingon_release|Win32 = roundingon_release|Win32
	EndGlobalSection
	GlobalSection(ProjectConfigurationPlatforms) = postSolution
		{BF2DE4D4-FEB5-378C-8E1B-3F86AF00DB28}.roundingoff_debug|Win32.ActiveCfg = roundingoff_debug|Win32
		{BF2DE4D4-FEB5-378C-8E1B-3F86AF00DB28}.roundingoff_debug|Win32.Build.0 = roundingoff_debug|Win32
		{BF2DE4D4-FEB5-378C-8E1B-3F86AF00DB28}.roundingoff_debug|Win32.ActiveCfg = roundingoff_debug|Win32
		{BF2DE4D4-FEB5-378C-8E1B-3F86AF00DB28}.roundingoff_debug|Win32.Build.0 = roundingoff_debug|Win32
		{BF2DE4D4-FEB5-378C-8E1B-3F86AF00DB28}.roundingoff_release|Win32.ActiveCfg = roundingoff_release|Win32
		{BF2DE4D4-FEB5-378C-8E1B-3F86AF00DB28}.roundingoff_release|Win32.Build.0 = roundingoff_release|Win32
		{BF2DE4D4-FEB5-378C-8E1B-3F86AF00DB28}.roundingoff_release|Win32.ActiveCfg = roundingoff_release|Win32
		{BF2DE4D4-FEB5-378C-8E1B-3F86AF00DB28}.roundingoff_release|Win32.Build.0 = roundingoff_release|Win32
		{BF2DE4D4-FEB5-378C-8E1B-3F86AF00DB28}.roundingon_debug|Win32.ActiveCfg = roundingon_debug|Win32
		{BF2DE4D4-FEB5-378C-8E1B-3F86AF00DB28}.roundingon_debug|Win32.Build.0 = roundingon_debug|Win32
		{BF2DE4D4-FEB5-378C-8E1B-3F86AF00DB28}.roundingon_debug|Win32.ActiveCfg = roundingon_debug|Win32
		{BF2DE4D4-FEB5-378C-8E1B-3F86AF00DB28}.roundingon_debug|Win32.Build.0 = roundingon_debug|Win32
		{BF2DE4D4-FEB5-378C-8E1B-3F86AF00DB28}.roundingon_release|Win32.ActiveCfg = roundingon_release|Win32
		{BF2DE4D4-FEB5-378C-8E1B-3F86AF00DB28}.roundingon_release|Win32.Build.0 = roundingon_release|Win32
		{BF2DE4D4-FEB5-378C-8E1B-3F86AF00DB28}.roundingon_release|Win32.ActiveCfg = roundingon_release|Win32
		{BF2DE4D4-FEB5-378C-8E1B-3F86AF00DB28}.roundingon_release|Win32.Build.0 = roundingon_release|Win32
	EndGlobalSection
	GlobalSection(SolutionProperties) = preSolution
		HideSolutionNode = FALSE
	EndGlobalSection
EndGlobal
