Microsoft Visual Studio Solution File, Format Version 10.00
# Visual Studio 2008
Project("{8BC9CEB8-8B4A-11D0-8D11-00A0C91BC942}") = "project_a", "project_a_2008.vcproj", "{FDCE7286-C15C-3873-8FBC-5959BE6A2DFC}"
	ProjectSection(ProjectDependencies) = postProject
		{1BC296A3-0364-348E-8DD4-25F64960D6D5} = {1BC296A3-0364-348E-8DD4-25F64960D6D5}
	EndProjectSection
EndProject
Project("{8BC9CEB8-8B4A-11D0-8D11-00A0C91BC942}") = "project_b", "..\..\..\project_b\project_b\windows_x86_msvs\project_b_2008.vcproj", "{1BC296A3-0364-348E-8DD4-25F64960D6D5}"
	ProjectSection(ProjectDependencies) = postProject
		{596D4CB7-E932-366B-AAC7-5FCA6FC8C462} = {596D4CB7-E932-366B-AAC7-5FCA6FC8C462}
	EndProjectSection
EndProject
Project("{8BC9CEB8-8B4A-11D0-8D11-00A0C91BC942}") = "project_c", "..\..\..\project_c\project_c\windows_x86_msvs\project_c_2008.vcproj", "{596D4CB7-E932-366B-AAC7-5FCA6FC8C462}"
EndProject
Global
	GlobalSection(SolutionConfigurationPlatforms) = preSolution
		a0_c0_debug|Win32 = a0_c0_debug|Win32
		a0_c0_release|Win32 = a0_c0_release|Win32
		a0_c1_debug|Win32 = a0_c1_debug|Win32
		a0_c1_release|Win32 = a0_c1_release|Win32
		a1_c0_debug|Win32 = a1_c0_debug|Win32
		a1_c0_release|Win32 = a1_c0_release|Win32
		a1_c1_debug|Win32 = a1_c1_debug|Win32
		a1_c1_release|Win32 = a1_c1_release|Win32
	EndGlobalSection
	GlobalSection(ProjectConfigurationPlatforms) = postSolution
		{FDCE7286-C15C-3873-8FBC-5959BE6A2DFC}.a0_c0_debug|Win32.ActiveCfg = a0_c0_debug|Win32
		{FDCE7286-C15C-3873-8FBC-5959BE6A2DFC}.a0_c0_debug|Win32.Build.0 = a0_c0_debug|Win32
		{1BC296A3-0364-348E-8DD4-25F64960D6D5}.a0_c0_debug|Win32.ActiveCfg = c0_debug|Win32
		{1BC296A3-0364-348E-8DD4-25F64960D6D5}.a0_c0_debug|Win32.Build.0 = c0_debug|Win32
		{596D4CB7-E932-366B-AAC7-5FCA6FC8C462}.a0_c0_debug|Win32.ActiveCfg = c0_debug|Win32
		{596D4CB7-E932-366B-AAC7-5FCA6FC8C462}.a0_c0_debug|Win32.Build.0 = c0_debug|Win32
		{FDCE7286-C15C-3873-8FBC-5959BE6A2DFC}.a0_c0_release|Win32.ActiveCfg = a0_c0_release|Win32
		{FDCE7286-C15C-3873-8FBC-5959BE6A2DFC}.a0_c0_release|Win32.Build.0 = a0_c0_release|Win32
		{1BC296A3-0364-348E-8DD4-25F64960D6D5}.a0_c0_release|Win32.ActiveCfg = c0_release|Win32
		{1BC296A3-0364-348E-8DD4-25F64960D6D5}.a0_c0_release|Win32.Build.0 = c0_release|Win32
		{596D4CB7-E932-366B-AAC7-5FCA6FC8C462}.a0_c0_release|Win32.ActiveCfg = c0_release|Win32
		{596D4CB7-E932-366B-AAC7-5FCA6FC8C462}.a0_c0_release|Win32.Build.0 = c0_release|Win32
		{FDCE7286-C15C-3873-8FBC-5959BE6A2DFC}.a0_c1_debug|Win32.ActiveCfg = a0_c1_debug|Win32
		{FDCE7286-C15C-3873-8FBC-5959BE6A2DFC}.a0_c1_debug|Win32.Build.0 = a0_c1_debug|Win32
		{1BC296A3-0364-348E-8DD4-25F64960D6D5}.a0_c1_debug|Win32.ActiveCfg = c1_debug|Win32
		{1BC296A3-0364-348E-8DD4-25F64960D6D5}.a0_c1_debug|Win32.Build.0 = c1_debug|Win32
		{596D4CB7-E932-366B-AAC7-5FCA6FC8C462}.a0_c1_debug|Win32.ActiveCfg = c1_debug|Win32
		{596D4CB7-E932-366B-AAC7-5FCA6FC8C462}.a0_c1_debug|Win32.Build.0 = c1_debug|Win32
		{FDCE7286-C15C-3873-8FBC-5959BE6A2DFC}.a0_c1_release|Win32.ActiveCfg = a0_c1_release|Win32
		{FDCE7286-C15C-3873-8FBC-5959BE6A2DFC}.a0_c1_release|Win32.Build.0 = a0_c1_release|Win32
		{1BC296A3-0364-348E-8DD4-25F64960D6D5}.a0_c1_release|Win32.ActiveCfg = c1_release|Win32
		{1BC296A3-0364-348E-8DD4-25F64960D6D5}.a0_c1_release|Win32.Build.0 = c1_release|Win32
		{596D4CB7-E932-366B-AAC7-5FCA6FC8C462}.a0_c1_release|Win32.ActiveCfg = c1_release|Win32
		{596D4CB7-E932-366B-AAC7-5FCA6FC8C462}.a0_c1_release|Win32.Build.0 = c1_release|Win32
		{FDCE7286-C15C-3873-8FBC-5959BE6A2DFC}.a1_c0_debug|Win32.ActiveCfg = a1_c0_debug|Win32
		{FDCE7286-C15C-3873-8FBC-5959BE6A2DFC}.a1_c0_debug|Win32.Build.0 = a1_c0_debug|Win32
		{1BC296A3-0364-348E-8DD4-25F64960D6D5}.a1_c0_debug|Win32.ActiveCfg = c0_debug|Win32
		{1BC296A3-0364-348E-8DD4-25F64960D6D5}.a1_c0_debug|Win32.Build.0 = c0_debug|Win32
		{596D4CB7-E932-366B-AAC7-5FCA6FC8C462}.a1_c0_debug|Win32.ActiveCfg = c0_debug|Win32
		{596D4CB7-E932-366B-AAC7-5FCA6FC8C462}.a1_c0_debug|Win32.Build.0 = c0_debug|Win32
		{FDCE7286-C15C-3873-8FBC-5959BE6A2DFC}.a1_c0_release|Win32.ActiveCfg = a1_c0_release|Win32
		{FDCE7286-C15C-3873-8FBC-5959BE6A2DFC}.a1_c0_release|Win32.Build.0 = a1_c0_release|Win32
		{1BC296A3-0364-348E-8DD4-25F64960D6D5}.a1_c0_release|Win32.ActiveCfg = c0_release|Win32
		{1BC296A3-0364-348E-8DD4-25F64960D6D5}.a1_c0_release|Win32.Build.0 = c0_release|Win32
		{596D4CB7-E932-366B-AAC7-5FCA6FC8C462}.a1_c0_release|Win32.ActiveCfg = c0_release|Win32
		{596D4CB7-E932-366B-AAC7-5FCA6FC8C462}.a1_c0_release|Win32.Build.0 = c0_release|Win32
		{FDCE7286-C15C-3873-8FBC-5959BE6A2DFC}.a1_c1_debug|Win32.ActiveCfg = a1_c1_debug|Win32
		{FDCE7286-C15C-3873-8FBC-5959BE6A2DFC}.a1_c1_debug|Win32.Build.0 = a1_c1_debug|Win32
		{1BC296A3-0364-348E-8DD4-25F64960D6D5}.a1_c1_debug|Win32.ActiveCfg = c1_debug|Win32
		{1BC296A3-0364-348E-8DD4-25F64960D6D5}.a1_c1_debug|Win32.Build.0 = c1_debug|Win32
		{596D4CB7-E932-366B-AAC7-5FCA6FC8C462}.a1_c1_debug|Win32.ActiveCfg = c1_debug|Win32
		{596D4CB7-E932-366B-AAC7-5FCA6FC8C462}.a1_c1_debug|Win32.Build.0 = c1_debug|Win32
		{FDCE7286-C15C-3873-8FBC-5959BE6A2DFC}.a1_c1_release|Win32.ActiveCfg = a1_c1_release|Win32
		{FDCE7286-C15C-3873-8FBC-5959BE6A2DFC}.a1_c1_release|Win32.Build.0 = a1_c1_release|Win32
		{1BC296A3-0364-348E-8DD4-25F64960D6D5}.a1_c1_release|Win32.ActiveCfg = c1_release|Win32
		{1BC296A3-0364-348E-8DD4-25F64960D6D5}.a1_c1_release|Win32.Build.0 = c1_release|Win32
		{596D4CB7-E932-366B-AAC7-5FCA6FC8C462}.a1_c1_release|Win32.ActiveCfg = c1_release|Win32
		{596D4CB7-E932-366B-AAC7-5FCA6FC8C462}.a1_c1_release|Win32.Build.0 = c1_release|Win32
	EndGlobalSection
	GlobalSection(SolutionProperties) = preSolution
		HideSolutionNode = FALSE
	EndGlobalSection
EndGlobal
