Microsoft Visual Studio Solution File, Format Version 11.00
# Visual Studio 2010
Project("{8BC9CEB8-8B4A-11D0-8D11-00A0C91BC942}") = "get_name_static", "get_name_static_2010.vcxproj", "{F5F78D24-6639-3520-9384-F088A3EC8546}"
	ProjectSection(ProjectDependencies) = postProject
		{9F7AF859-27F2-38EA-B86C-48326A1CC5E0} = {9F7AF859-27F2-38EA-B86C-48326A1CC5E0}
	EndProjectSection
EndProject
Project("{8BC9CEB8-8B4A-11D0-8D11-00A0C91BC942}") = "libfoo_static", "..\..\libfoo_static\windows_amd64_icl\libfoo_static_2010.vcxproj", "{9F7AF859-27F2-38EA-B86C-48326A1CC5E0}"
EndProject
Global
	GlobalSection(SolutionConfigurationPlatforms) = preSolution
		lower_add1_debug|x64 = lower_add1_debug|x64
		lower_add1_release|x64 = lower_add1_release|x64
		lower_add2_debug|x64 = lower_add2_debug|x64
		lower_add2_release|x64 = lower_add2_release|x64
		upper_add1_debug|x64 = upper_add1_debug|x64
		upper_add1_release|x64 = upper_add1_release|x64
		upper_add2_debug|x64 = upper_add2_debug|x64
		upper_add2_release|x64 = upper_add2_release|x64
	EndGlobalSection
	GlobalSection(ProjectConfigurationPlatforms) = postSolution
		{F5F78D24-6639-3520-9384-F088A3EC8546}.lower_add1_debug|x64.ActiveCfg = lower_add1_debug|x64
		{F5F78D24-6639-3520-9384-F088A3EC8546}.lower_add1_debug|x64.Build.0 = lower_add1_debug|x64
		{9F7AF859-27F2-38EA-B86C-48326A1CC5E0}.lower_add1_debug|x64.ActiveCfg = add1_debug|x64
		{9F7AF859-27F2-38EA-B86C-48326A1CC5E0}.lower_add1_debug|x64.Build.0 = add1_debug|x64
		{F5F78D24-6639-3520-9384-F088A3EC8546}.lower_add1_release|x64.ActiveCfg = lower_add1_release|x64
		{F5F78D24-6639-3520-9384-F088A3EC8546}.lower_add1_release|x64.Build.0 = lower_add1_release|x64
		{9F7AF859-27F2-38EA-B86C-48326A1CC5E0}.lower_add1_release|x64.ActiveCfg = add1_release|x64
		{9F7AF859-27F2-38EA-B86C-48326A1CC5E0}.lower_add1_release|x64.Build.0 = add1_release|x64
		{F5F78D24-6639-3520-9384-F088A3EC8546}.lower_add2_debug|x64.ActiveCfg = lower_add2_debug|x64
		{F5F78D24-6639-3520-9384-F088A3EC8546}.lower_add2_debug|x64.Build.0 = lower_add2_debug|x64
		{9F7AF859-27F2-38EA-B86C-48326A1CC5E0}.lower_add2_debug|x64.ActiveCfg = add2_debug|x64
		{9F7AF859-27F2-38EA-B86C-48326A1CC5E0}.lower_add2_debug|x64.Build.0 = add2_debug|x64
		{F5F78D24-6639-3520-9384-F088A3EC8546}.lower_add2_release|x64.ActiveCfg = lower_add2_release|x64
		{F5F78D24-6639-3520-9384-F088A3EC8546}.lower_add2_release|x64.Build.0 = lower_add2_release|x64
		{9F7AF859-27F2-38EA-B86C-48326A1CC5E0}.lower_add2_release|x64.ActiveCfg = add2_release|x64
		{9F7AF859-27F2-38EA-B86C-48326A1CC5E0}.lower_add2_release|x64.Build.0 = add2_release|x64
		{F5F78D24-6639-3520-9384-F088A3EC8546}.upper_add1_debug|x64.ActiveCfg = upper_add1_debug|x64
		{F5F78D24-6639-3520-9384-F088A3EC8546}.upper_add1_debug|x64.Build.0 = upper_add1_debug|x64
		{9F7AF859-27F2-38EA-B86C-48326A1CC5E0}.upper_add1_debug|x64.ActiveCfg = add1_debug|x64
		{9F7AF859-27F2-38EA-B86C-48326A1CC5E0}.upper_add1_debug|x64.Build.0 = add1_debug|x64
		{F5F78D24-6639-3520-9384-F088A3EC8546}.upper_add1_release|x64.ActiveCfg = upper_add1_release|x64
		{F5F78D24-6639-3520-9384-F088A3EC8546}.upper_add1_release|x64.Build.0 = upper_add1_release|x64
		{9F7AF859-27F2-38EA-B86C-48326A1CC5E0}.upper_add1_release|x64.ActiveCfg = add1_release|x64
		{9F7AF859-27F2-38EA-B86C-48326A1CC5E0}.upper_add1_release|x64.Build.0 = add1_release|x64
		{F5F78D24-6639-3520-9384-F088A3EC8546}.upper_add2_debug|x64.ActiveCfg = upper_add2_debug|x64
		{F5F78D24-6639-3520-9384-F088A3EC8546}.upper_add2_debug|x64.Build.0 = upper_add2_debug|x64
		{9F7AF859-27F2-38EA-B86C-48326A1CC5E0}.upper_add2_debug|x64.ActiveCfg = add2_debug|x64
		{9F7AF859-27F2-38EA-B86C-48326A1CC5E0}.upper_add2_debug|x64.Build.0 = add2_debug|x64
		{F5F78D24-6639-3520-9384-F088A3EC8546}.upper_add2_release|x64.ActiveCfg = upper_add2_release|x64
		{F5F78D24-6639-3520-9384-F088A3EC8546}.upper_add2_release|x64.Build.0 = upper_add2_release|x64
		{9F7AF859-27F2-38EA-B86C-48326A1CC5E0}.upper_add2_release|x64.ActiveCfg = add2_release|x64
		{9F7AF859-27F2-38EA-B86C-48326A1CC5E0}.upper_add2_release|x64.Build.0 = add2_release|x64
	EndGlobalSection
	GlobalSection(SolutionProperties) = preSolution
		HideSolutionNode = FALSE
	EndGlobalSection
EndGlobal
